<?xml version="1.0" encoding="utf-8"?>
<Project ToolsVersion="4.0" xmlns="http://schemas.microsoft.com/developer/msbuild/2003">
  <ItemGroup>
    <Filter Include="Source Files">
      <UniqueIdentifier>{4FC737F1-C7A5-4376-A066-2A32D752A2FF}</UniqueIdentifier>
      <Extensions>cpp;c;cc;cxx;def;odl;idl;hpj;bat;asm;asmx</Extensions>
    </Filter>
    <Filter Include="Header Files">
      <UniqueIdentifier>{93995380-89BD-4b04-88EB-625FBE52EBFB}</UniqueIdentifier>
      <Extensions>h;hh;hpp;hxx;hm;inl;inc;xsd</Extensions>
    </Filter>
    <Filter Include="Resource Files">
      <UniqueIdentifier>{67DA6AB6-F800-4c08-8B7A-83BB121AAD01}</UniqueIdentifier>
      <Extensions>rc;ico;cur;bmp;dlg;rc2;rct;bin;rgs;gif;jpg;jpeg;jpe;resx;tiff;tif;png;wav;mfcribbon-ms</Extensions>
    </Filter>
  </ItemGroup>
  <ItemGroup>
    <ClCompile Include="1001b-3n 1猜想.cpp">
      <Filter>Source Files</Filter>
    </ClCompile>
    <ClCompile Include="1002b-写出这个数.cpp">
      <Filter>Source Files</Filter>
    </ClCompile>
    <ClCompile Include="1003b-我要通过.cpp">
      <Filter>Source Files</Filter>
    </ClCompile>
    <ClCompile Include="1004b-成绩排名.cpp">
      <Filter>Source Files</Filter>
    </ClCompile>
    <ClCompile Include="1005b-3n 1又猜想.cpp">
      <Filter>Source Files</Filter>
    </ClCompile>
    <ClCompile Include="1006b-换个格式输出整数.cpp">
      <Filter>Source Files</Filter>
    </ClCompile>
    <ClCompile Include="1007b-素数猜想.cpp">
      <Filter>Source Files</Filter>
    </ClCompile>
    <ClCompile Include="1008b-循环右移.cpp">
      <Filter>Source Files</Filter>
    </ClCompile>
    <ClCompile Include="1009b-说反话.cpp">
      <Filter>Source Files</Filter>
    </ClCompile>
    <ClCompile Include="1010b-一元多项式求导.cpp">
      <Filter>Source Files</Filter>
    </ClCompile>
    <ClCompile Include="1011b-a plus b greater than c.cpp">
      <Filter>Source Files</Filter>
    </ClCompile>
    <ClCompile Include="1012-数字分类.cpp">
      <Filter>Source Files</Filter>
    </ClCompile>
    <ClCompile Include="1013b-数素数.cpp">
      <Filter>Source Files</Filter>
    </ClCompile>
    <ClCompile Include="1014b-福尔摩斯的约会.cpp">
      <Filter>Source Files</Filter>
    </ClCompile>
    <ClCompile Include="1015b-德才论.cpp">
      <Filter>Source Files</Filter>
    </ClCompile>
    <ClCompile Include="1016b-部分a plus b.cpp">
      <Filter>Source Files</Filter>
    </ClCompile>
    <ClCompile Include="1017b-a div b.cpp">
      <Filter>Source Files</Filter>
    </ClCompile>
    <ClCompile Include="1018b-锤子剪刀布.cpp">
      <Filter>Source Files</Filter>
    </ClCompile>
    <ClCompile Include="1019b-数字黑洞.cpp">
      <Filter>Source Files</Filter>
    </ClCompile>
    <ClCompile Include="1020b-mooncake.cpp">
      <Filter>Source Files</Filter>
    </ClCompile>
    <ClCompile Include="1021b-个位数统计.cpp">
      <Filter>Source Files</Filter>
    </ClCompile>
    <ClCompile Include="1022b-D进制的A+B.cpp">
      <Filter>Source Files</Filter>
    </ClCompile>
    <ClCompile Include="1023b-组个最小数.cpp">
      <Filter>Source Files</Filter>
    </ClCompile>
    <ClCompile Include="1024b-科学计数法.cpp">
      <Filter>Source Files</Filter>
    </ClCompile>
    <ClCompile Include="1025b-反转节点.cpp">
      <Filter>Source Files</Filter>
    </ClCompile>
    <ClCompile Include="1026b-程序运行时间.cpp">
      <Filter>Source Files</Filter>
    </ClCompile>
    <ClCompile Include="1027b.cpp">
      <Filter>Source Files</Filter>
    </ClCompile>
    <ClCompile Include="1028b-人口普查.cpp">
      <Filter>Source Files</Filter>
    </ClCompile>
    <ClCompile Include="1029b-旧键盘.cpp">
      <Filter>Source Files</Filter>
    </ClCompile>
    <ClCompile Include="1030b-完美数列.cpp">
      <Filter>Source Files</Filter>
    </ClCompile>
    <ClCompile Include="template.cpp">
      <Filter>Source Files</Filter>
    </ClCompile>
  </ItemGroup>
</Project>